// !$*UTF8*$!
{
	archiveVersion = 1;
	classes = {
	};
	objectVersion = 77;
	objects = {

/* Begin PBXContainerItemProxy section */
		B66925E22E90252B0078AFDF /* PBXContainerItemProxy */ = {
			isa = PBXContainerItemProxy;
			containerPortal = B66925CC2E90252A0078AFDF /* Project object */;
			proxyType = 1;
			remoteGlobalIDString = B66925D32E90252A0078AFDF;
			remoteInfo = "Adidev-Countries";
		};
		B66925EC2E90252B0078AFDF /* PBXContainerItemProxy */ = {
			isa = PBXContainerItemProxy;
			containerPortal = B66925CC2E90252A0078AFDF /* Project object */;
			proxyType = 1;
			remoteGlobalIDString = B66925D32E90252A0078AFDF;
			remoteInfo = "Adidev-Countries";
		};
/* End PBXContainerItemProxy section */

/* Begin PBXFileReference section */
		B66925D42E90252A0078AFDF /* Adidev-Countries.app */ = {isa = PBXFileReference; explicitFileType = wrapper.application; includeInIndex = 0; path = "Adidev-Countries.app"; sourceTree = BUILT_PRODUCTS_DIR; };
		B66925E12E90252B0078AFDF /* Adidev-CountriesTests.xctest */ = {isa = PBXFileReference; explicitFileType = wrapper.cfbundle; includeInIndex = 0; path = "Adidev-CountriesTests.xctest"; sourceTree = BUILT_PRODUCTS_DIR; };
		B66925EB2E90252B0078AFDF /* Adidev-CountriesUITests.xctest */ = {isa = PBXFileReference; explicitFileType = wrapper.cfbundle; includeInIndex = 0; path = "Adidev-CountriesUITests.xctest"; sourceTree = BUILT_PRODUCTS_DIR; };
/* End PBXFileReference section */

/* Begin PBXFileSystemSynchronizedRootGroup section */
		B66925D62E90252A0078AFDF /* Adidev-Countries */ = {
			isa = PBXFileSystemSynchronizedRootGroup;
			path = "Adidev-Countries";
			sourceTree = "<group>";
		};
		B66925E42E90252B0078AFDF /* Adidev-CountriesTests */ = {
			isa = PBXFileSystemSynchronizedRootGroup;
			path = "Adidev-CountriesTests";
			sourceTree = "<group>";
		};
		B66925EE2E90252B0078AFDF /* Adidev-CountriesUITests */ = {
			isa = PBXFileSystemSynchronizedRootGroup;
			path = "Adidev-CountriesUITests";
			sourceTree = "<group>";
		};
/* End PBXFileSystemSynchronizedRootGroup section */

/* Begin PBXFrameworksBuildPhase section */
		B66925D12E90252A0078AFDF /* Frameworks */ = {
			isa = PBXFrameworksBuildPhase;
			buildActionMask = 2147483647;
			files = (
			);
			runOnlyForDeploymentPostprocessing = 0;
		};
		B66925DE2E90252B0078AFDF /* Frameworks */ = {
			isa = PBXFrameworksBuildPhase;
			buildActionMask = 2147483647;
			files = (
			);
			runOnlyForDeploymentPostprocessing = 0;
		};
		B66925E82E90252B0078AFDF /* Frameworks */ = {
			isa = PBXFrameworksBuildPhase;
			buildActionMask = 2147483647;
			files = (
			);
			runOnlyForDeploymentPostprocessing = 0;
		};
/* End PBXFrameworksBuildPhase section */

/* Begin PBXGroup section */
		B66925CB2E90252A0078AFDF = {
			isa = PBXGroup;
			children = (
				B66925D62E90252A0078AFDF /* Adidev-Countries */,
				B66925E42E90252B0078AFDF /* Adidev-CountriesTests */,
				B66925EE2E90252B0078AFDF /* Adidev-CountriesUITests */,
				B66925D52E90252A0078AFDF /* Products */,
			);
			sourceTree = "<group>";
		};
		B66925D52E90252A0078AFDF /* Products */ = {
			isa = PBXGroup;
			children = (
				B66925D42E90252A0078AFDF /* Adidev-Countries.app */,
				B66925E12E90252B0078AFDF /* Adidev-CountriesTests.xctest */,
				B66925EB2E90252B0078AFDF /* Adidev-CountriesUITests.xctest */,
			);
			name = Products;
			sourceTree = "<group>";
		};
/* End PBXGroup section */

/* Begin PBXNativeTarget section */
		B66925D32E90252A0078AFDF /* Adidev-Countries */ = {
			isa = PBXNativeTarget;
			buildConfigurationList = B66925F52E90252B0078AFDF /* Build configuration list for PBXNativeTarget "Adidev-Countries" */;
			buildPhases = (
				B66925D02E90252A0078AFDF /* Sources */,
				B66925D12E90252A0078AFDF /* Frameworks */,
				B66925D22E90252A0078AFDF /* Resources */,
			);
			buildRules = (
			);
			dependencies = (
			);
			fileSystemSynchronizedGroups = (
				B66925D62E90252A0078AFDF /* Adidev-Countries */,
			);
			name = "Adidev-Countries";
			packageProductDependencies = (
			);
			productName = "Adidev-Countries";
			productReference = B66925D42E90252A0078AFDF /* Adidev-Countries.app */;
			productType = "com.apple.product-type.application";
		};
		B66925E02E90252B0078AFDF /* Adidev-CountriesTests */ = {
			isa = PBXNativeTarget;
			buildConfigurationList = B66925F82E90252B0078AFDF /* Build configuration list for PBXNativeTarget "Adidev-CountriesTests" */;
			buildPhases = (
				B66925DD2E90252B0078AFDF /* Sources */,
				B66925DE2E90252B0078AFDF /* Frameworks */,
				B66925DF2E90252B0078AFDF /* Resources */,
			);
			buildRules = (
			);
			dependencies = (
				B66925E32E90252B0078AFDF /* PBXTargetDependency */,
			);
			fileSystemSynchronizedGroups = (
				B66925E42E90252B0078AFDF /* Adidev-CountriesTests */,
			);
			name = "Adidev-CountriesTests";
			packageProductDependencies = (
			);
			productName = "Adidev-CountriesTests";
			productReference = B66925E12E90252B0078AFDF /* Adidev-CountriesTests.xctest */;
			productType = "com.apple.product-type.bundle.unit-test";
		};
		B66925EA2E90252B0078AFDF /* Adidev-CountriesUITests */ = {
			isa = PBXNativeTarget;
			buildConfigurationList = B66925FB2E90252B0078AFDF /* Build configuration list for PBXNativeTarget "Adidev-CountriesUITests" */;
			buildPhases = (
				B66925E72E90252B0078AFDF /* Sources */,
				B66925E82E90252B0078AFDF /* Frameworks */,
				B66925E92E90252B0078AFDF /* Resources */,
			);
			buildRules = (
			);
			dependencies = (
				B66925ED2E90252B0078AFDF /* PBXTargetDependency */,
			);
			fileSystemSynchronizedGroups = (
				B66925EE2E90252B0078AFDF /* Adidev-CountriesUITests */,
			);
			name = "Adidev-CountriesUITests";
			packageProductDependencies = (
			);
			productName = "Adidev-CountriesUITests";
			productReference = B66925EB2E90252B0078AFDF /* Adidev-CountriesUITests.xctest */;
			productType = "com.apple.product-type.bundle.ui-testing";
		};
/* End PBXNativeTarget section */

/* Begin PBXProject section */
		B66925CC2E90252A0078AFDF /* Project object */ = {
			isa = PBXProject;
			attributes = {
				BuildIndependentTargetsInParallel = 1;
				LastSwiftUpdateCheck = 1640;
				LastUpgradeCheck = 1640;
				TargetAttributes = {
					B66925D32E90252A0078AFDF = {
						CreatedOnToolsVersion = 16.4;
					};
					B66925E02E90252B0078AFDF = {
						CreatedOnToolsVersion = 16.4;
						TestTargetID = B66925D32E90252A0078AFDF;
					};
					B66925EA2E90252B0078AFDF = {
						CreatedOnToolsVersion = 16.4;
						TestTargetID = B66925D32E90252A0078AFDF;
					};
				};
			};
			buildConfigurationList = B66925CF2E90252A0078AFDF /* Build configuration list for PBXProject "Adidev-Countries" */;
			developmentRegion = en;
			hasScannedForEncodings = 0;
			knownRegions = (
				en,
				Base,
			);
			mainGroup = B66925CB2E90252A0078AFDF;
			minimizedProjectReferenceProxies = 1;
			preferredProjectObjectVersion = 77;
			productRefGroup = B66925D52E90252A0078AFDF /* Products */;
			projectDirPath = "";
			projectRoot = "";
			targets = (
				B66925D32E90252A0078AFDF /* Adidev-Countries */,
				B66925E02E90252B0078AFDF /* Adidev-CountriesTests */,
				B66925EA2E90252B0078AFDF /* Adidev-CountriesUITests */,
			);
		};
/* End PBXProject section */

/* Begin PBXResourcesBuildPhase section */
		B66925D22E90252A0078AFDF /* Resources */ = {
			isa = PBXResourcesBuildPhase;
			buildActionMask = 2147483647;
			files = (
			);
			runOnlyForDeploymentPostprocessing = 0;
		};
		B66925DF2E90252B0078AFDF /* Resources */ = {
			isa = PBXResourcesBuildPhase;
			buildActionMask = 2147483647;
			files = (
			);
			runOnlyForDeploymentPostprocessing = 0;
		};
		B66925E92E90252B0078AFDF /* Resources */ = {
			isa = PBXResourcesBuildPhase;
			buildActionMask = 2147483647;
			files = (
			);
			runOnlyForDeploymentPostprocessing = 0;
		};
/* End PBXResourcesBuildPhase section */

/* Begin PBXSourcesBuildPhase section */
		B66925D02E90252A0078AFDF /* Sources */ = {
			isa = PBXSourcesBuildPhase;
			buildActionMask = 2147483647;
			files = (
			);
			runOnlyForDeploymentPostprocessing = 0;
		};
		B66925DD2E90252B0078AFDF /* Sources */ = {
			isa = PBXSourcesBuildPhase;
			buildActionMask = 2147483647;
			files = (
			);
			runOnlyForDeploymentPostprocessing = 0;
		};
		B66925E72E90252B0078AFDF /* Sources */ = {
			isa = PBXSourcesBuildPhase;
			buildActionMask = 2147483647;
			files = (
			);
			runOnlyForDeploymentPostprocessing = 0;
		};
/* End PBXSourcesBuildPhase section */

/* Begin PBXTargetDependency section */
		B66925E32E90252B0078AFDF /* PBXTargetDependency */ = {
			isa = PBXTargetDependency;
			target = B66925D32E90252A0078AFDF /* Adidev-Countries */;
			targetProxy = B66925E22E90252B0078AFDF /* PBXContainerItemProxy */;
		};
		B66925ED2E90252B0078AFDF /* PBXTargetDependency */ = {
			isa = PBXTargetDependency;
			target = B66925D32E90252A0078AFDF /* Adidev-Countries */;
			targetProxy = B66925EC2E90252B0078AFDF /* PBXContainerItemProxy */;
		};
/* End PBXTargetDependency section */

/* Begin XCBuildConfiguration section */
		B66925F32E90252B0078AFDF /* Debug */ = {
			isa = XCBuildConfiguration;
			buildSettings = {
				ALWAYS_SEARCH_USER_PATHS = NO;
				ASSETCATALOG_COMPILER_GENERATE_SWIFT_ASSET_SYMBOL_EXTENSIONS = YES;
				CLANG_ANALYZER_NONNULL = YES;
				CLANG_ANALYZER_NUMBER_OBJECT_CONVERSION = YES_AGGRESSIVE;
				CLANG_CXX_LANGUAGE_STANDARD = "gnu++20";
				CLANG_ENABLE_MODULES = YES;
				CLANG_ENABLE_OBJC_ARC = YES;
				CLANG_ENABLE_OBJC_WEAK = YES;
				CLANG_WARN_BLOCK_CAPTURE_AUTORELEASING = YES;
				CLANG_WARN_BOOL_CONVERSION = YES;
				CLANG_WARN_COMMA = YES;
				CLANG_WARN_CONSTANT_CONVERSION = YES;
				CLANG_WARN_DEPRECATED_OBJC_IMPLEMENTATIONS = YES;
				CLANG_WARN_DIRECT_OBJC_ISA_USAGE = YES_ERROR;
				CLANG_WARN_DOCUMENTATION_COMMENTS = YES;
				CLANG_WARN_EMPTY_BODY = YES;
				CLANG_WARN_ENUM_CONVERSION = YES;
				CLANG_WARN_INFINITE_RECURSION = YES;
				CLANG_WARN_INT_CONVERSION = YES;
				CLANG_WARN_NON_LITERAL_NULL_CONVERSION = YES;
				CLANG_WARN_OBJC_IMPLICIT_RETAIN_SELF = YES;
				CLANG_WARN_OBJC_LITERAL_CONVERSION = YES;
				CLANG_WARN_OBJC_ROOT_CLASS = YES_ERROR;
				CLANG_WARN_QUOTED_INCLUDE_IN_FRAMEWORK_HEADER = YES;
				CLANG_WARN_RANGE_LOOP_ANALYSIS = YES;
				CLANG_WARN_STRICT_PROTOTYPES = YES;
				CLANG_WARN_SUSPICIOUS_MOVE = YES;
				CLANG_WARN_UNGUARDED_AVAILABILITY = YES_AGGRESSIVE;
				CLANG_WARN_UNREACHABLE_CODE = YES;
				CLANG_WARN__DUPLICATE_METHOD_MATCH = YES;
				COPY_PHASE_STRIP = NO;
				DEBUG_INFORMATION_FORMAT = dwarf;
				DEVELOPMENT_TEAM = 4939K9623X;
				ENABLE_STRICT_OBJC_MSGSEND = YES;
				ENABLE_TESTABILITY = YES;
				ENABLE_USER_SCRIPT_SANDBOXING = YES;
				GCC_C_LANGUAGE_STANDARD = gnu17;
				GCC_DYNAMIC_NO_PIC = NO;
				GCC_NO_COMMON_BLOCKS = YES;
				GCC_OPTIMIZATION_LEVEL = 0;
				GCC_PREPROCESSOR_DEFINITIONS = (
					"DEBUG=1",
					"$(inherited)",
				);
				GCC_WARN_64_TO_32_BIT_CONVERSION = YES;
				GCC_WARN_ABOUT_RETURN_TYPE = YES_ERROR;
				GCC_WARN_UNDECLARED_SELECTOR = YES;
				GCC_WARN_UNINITIALIZED_AUTOS = YES_AGGRESSIVE;
				GCC_WARN_UNUSED_FUNCTION = YES;
				GCC_WARN_UNUSED_VARIABLE = YES;
				IPHONEOS_DEPLOYMENT_TARGET = 18.5;
				LOCALIZATION_PREFERS_STRING_CATALOGS = YES;
				MTL_ENABLE_DEBUG_INFO = INCLUDE_SOURCE;
				MTL_FAST_MATH = YES;
				ONLY_ACTIVE_ARCH = YES;
				SDKROOT = iphoneos;
				SWIFT_ACTIVE_COMPILATION_CONDITIONS = "DEBUG $(inherited)";
				SWIFT_OPTIMIZATION_LEVEL = "-Onone";
			};
			name = Debug;
		};
		B66925F42E90252B0078AFDF /* Release */ = {
			isa = XCBuildConfiguration;
			buildSettings = {
				ALWAYS_SEARCH_USER_PATHS = NO;
				ASSETCATALOG_COMPILER_GENERATE_SWIFT_ASSET_SYMBOL_EXTENSIONS = YES;
				CLANG_ANALYZER_NONNULL = YES;
				CLANG_ANALYZER_NUMBER_OBJECT_CONVERSION = YES_AGGRESSIVE;
				CLANG_CXX_LANGUAGE_STANDARD = "gnu++20";
				CLANG_ENABLE_MODULES = YES;
				CLANG_ENABLE_OBJC_ARC = YES;
				CLANG_ENABLE_OBJC_WEAK = YES;
				CLANG_WARN_BLOCK_CAPTURE_AUTORELEASING = YES;
				CLANG_WARN_BOOL_CONVERSION = YES;
				CLANG_WARN_COMMA = YES;
				CLANG_WARN_CONSTANT_CONVERSION = YES;
				CLANG_WARN_DEPRECATED_OBJC_IMPLEMENTATIONS = YES;
				CLANG_WARN_DIRECT_OBJC_ISA_USAGE = YES_ERROR;
				CLANG_WARN_DOCUMENTATION_COMMENTS = YES;
				CLANG_WARN_EMPTY_BODY = YES;
				CLANG_WARN_ENUM_CONVERSION = YES;
				CLANG_WARN_INFINITE_RECURSION = YES;
				CLANG_WARN_INT_CONVERSION = YES;
				CLANG_WARN_NON_LITERAL_NULL_CONVERSION = YES;
				CLANG_WARN_OBJC_IMPLICIT_RETAIN_SELF = YES;
				CLANG_WARN_OBJC_LITERAL_CONVERSION = YES;
				CLANG_WARN_OBJC_ROOT_CLASS = YES_ERROR;
				CLANG_WARN_QUOTED_INCLUDE_IN_FRAMEWORK_HEADER = YES;
				CLANG_WARN_RANGE_LOOP_ANALYSIS = YES;
				CLANG_WARN_STRICT_PROTOTYPES = YES;
				CLANG_WARN_SUSPICIOUS_MOVE = YES;
				CLANG_WARN_UNGUARDED_AVAILABILITY = YES_AGGRESSIVE;
				CLANG_WARN_UNREACHABLE_CODE = YES;
				CLANG_WARN__DUPLICATE_METHOD_MATCH = YES;
				COPY_PHASE_STRIP = NO;
				DEBUG_INFORMATION_FORMAT = "dwarf-with-dsym";
				DEVELOPMENT_TEAM = 4939K9623X;
				ENABLE_NS_ASSERTIONS = NO;
				ENABLE_STRICT_OBJC_MSGSEND = YES;
				ENABLE_USER_SCRIPT_SANDBOXING = YES;
				GCC_C_LANGUAGE_STANDARD = gnu17;
				GCC_NO_COMMON_BLOCKS = YES;
				GCC_WARN_64_TO_32_BIT_CONVERSION = YES;
				GCC_WARN_ABOUT_RETURN_TYPE = YES_ERROR;
				GCC_WARN_UNDECLARED_SELECTOR = YES;
				GCC_WARN_UNINITIALIZED_AUTOS = YES_AGGRESSIVE;
				GCC_WARN_UNUSED_FUNCTION = YES;
				GCC_WARN_UNUSED_VARIABLE = YES;
				IPHONEOS_DEPLOYMENT_TARGET = 18.5;
				LOCALIZATION_PREFERS_STRING_CATALOGS = YES;
				MTL_ENABLE_DEBUG_INFO = NO;
				MTL_FAST_MATH = YES;
				SDKROOT = iphoneos;
				SWIFT_COMPILATION_MODE = wholemodule;
				VALIDATE_PRODUCT = YES;
			};
			name = Release;
		};
		B66925F62E90252B0078AFDF /* Debug */ = {
			isa = XCBuildConfiguration;
			buildSettings = {
				ASSETCATALOG_COMPILER_APPICON_NAME = AppIcon;
				ASSETCATALOG_COMPILER_GLOBAL_ACCENT_COLOR_NAME = AccentColor;
				CODE_SIGN_STYLE = Automatic;
				CURRENT_PROJECT_VERSION = 1;
				DEVELOPMENT_TEAM = 4939K9623X;
				ENABLE_PREVIEWS = YES;
				GENERATE_INFOPLIST_FILE = YES;
				INFOPLIST_KEY_UIApplicationSceneManifest_Generation = YES;
				INFOPLIST_KEY_UIApplicationSupportsIndirectInputEvents = YES;
				INFOPLIST_KEY_UILaunchScreen_Generation = YES;
				INFOPLIST_KEY_UISupportedInterfaceOrientations_iPad = "UIInterfaceOrientationPortrait UIInterfaceOrientationPortraitUpsideDown UIInterfaceOrientationLandscapeLeft UIInterfaceOrientationLandscapeRight";
				INFOPLIST_KEY_UISupportedInterfaceOrientations_iPhone = "UIInterfaceOrientationPortrait UIInterfaceOrientationLandscapeLeft UIInterfaceOrientationLandscapeRight";
				LD_RUNPATH_SEARCH_PATHS = (
					"$(inherited)",
					"@executable_path/Frameworks",
				);
				MARKETING_VERSION = 1.0;
				PRODUCT_BUNDLE_IDENTIFIER = "com.thinhnguyen.Adidev-Countries";
				PRODUCT_NAME = "$(TARGET_NAME)";
				SWIFT_EMIT_LOC_STRINGS = YES;
				SWIFT_VERSION = 5.0;
				TARGETED_DEVICE_FAMILY = "1,2";
			};
			name = Debug;
		};
		B66925F72E90252B0078AFDF /* Release */ = {
			isa = XCBuildConfiguration;
			buildSettings = {
				ASSETCATALOG_COMPILER_APPICON_NAME = AppIcon;
				ASSETCATALOG_COMPILER_GLOBAL_ACCENT_COLOR_NAME = AccentColor;
				CODE_SIGN_STYLE = Automatic;
				CURRENT_PROJECT_VERSION = 1;
				DEVELOPMENT_TEAM = 4939K9623X;
				ENABLE_PREVIEWS = YES;
				GENERATE_INFOPLIST_FILE = YES;
				INFOPLIST_KEY_UIApplicationSceneManifest_Generation = YES;
				INFOPLIST_KEY_UIApplicationSupportsIndirectInputEvents = YES;
				INFOPLIST_KEY_UILaunchScreen_Generation = YES;
				INFOPLIST_KEY_UISupportedInterfaceOrientations_iPad = "UIInterfaceOrientationPortrait UIInterfaceOrientationPortraitUpsideDown UIInterfaceOrientationLandscapeLeft UIInterfaceOrientationLandscapeRight";
				INFOPLIST_KEY_UISupportedInterfaceOrientations_iPhone = "UIInterfaceOrientationPortrait UIInterfaceOrientationLandscapeLeft UIInterfaceOrientationLandscapeRight";
				LD_RUNPATH_SEARCH_PATHS = (
					"$(inherited)",
					"@executable_path/Frameworks",
				);
				MARKETING_VERSION = 1.0;
				PRODUCT_BUNDLE_IDENTIFIER = "com.thinhnguyen.Adidev-Countries";
				PRODUCT_NAME = "$(TARGET_NAME)";
				SWIFT_EMIT_LOC_STRINGS = YES;
				SWIFT_VERSION = 5.0;
				TARGETED_DEVICE_FAMILY = "1,2";
			};
			name = Release;
		};
		B66925F92E90252B0078AFDF /* Debug */ = {
			isa = XCBuildConfiguration;
			buildSettings = {
				BUNDLE_LOADER = "$(TEST_HOST)";
				CODE_SIGN_STYLE = Automatic;
				CURRENT_PROJECT_VERSION = 1;
				DEVELOPMENT_TEAM = 4939K9623X;
				GENERATE_INFOPLIST_FILE = YES;
				IPHONEOS_DEPLOYMENT_TARGET = 18.5;
				MARKETING_VERSION = 1.0;
				PRODUCT_BUNDLE_IDENTIFIER = "com.thinhnguyen.Adidev-CountriesTests";
				PRODUCT_NAME = "$(TARGET_NAME)";
				SWIFT_EMIT_LOC_STRINGS = NO;
				SWIFT_VERSION = 5.0;
				TARGETED_DEVICE_FAMILY = "1,2";
				TEST_HOST = "$(BUILT_PRODUCTS_DIR)/Adidev-Countries.app/$(BUNDLE_EXECUTABLE_FOLDER_PATH)/Adidev-Countries";
			};
			name = Debug;
		};
		B66925FA2E90252B0078AFDF /* Release */ = {
			isa = XCBuildConfiguration;
			buildSettings = {
				BUNDLE_LOADER = "$(TEST_HOST)";
				CODE_SIGN_STYLE = Automatic;
				CURRENT_PROJECT_VERSION = 1;
				DEVELOPMENT_TEAM = 4939K9623X;
				GENERATE_INFOPLIST_FILE = YES;
				IPHONEOS_DEPLOYMENT_TARGET = 18.5;
				MARKETING_VERSION = 1.0;
				PRODUCT_BUNDLE_IDENTIFIER = "com.thinhnguyen.Adidev-CountriesTests";
				PRODUCT_NAME = "$(TARGET_NAME)";
				SWIFT_EMIT_LOC_STRINGS = NO;
				SWIFT_VERSION = 5.0;
				TARGETED_DEVICE_FAMILY = "1,2";
				TEST_HOST = "$(BUILT_PRODUCTS_DIR)/Adidev-Countries.app/$(BUNDLE_EXECUTABLE_FOLDER_PATH)/Adidev-Countries";
			};
			name = Release;
		};
		B66925FC2E90252B0078AFDF /* Debug */ = {
			isa = XCBuildConfiguration;
			buildSettings = {
				CODE_SIGN_STYLE = Automatic;
				CURRENT_PROJECT_VERSION = 1;
				DEVELOPMENT_TEAM = 4939K9623X;
				GENERATE_INFOPLIST_FILE = YES;
				MARKETING_VERSION = 1.0;
				PRODUCT_BUNDLE_IDENTIFIER = "com.thinhnguyen.Adidev-CountriesUITests";
				PRODUCT_NAME = "$(TARGET_NAME)";
				SWIFT_EMIT_LOC_STRINGS = NO;
				SWIFT_VERSION = 5.0;
				TARGETED_DEVICE_FAMILY = "1,2";
				TEST_TARGET_NAME = "Adidev-Countries";
			};
			name = Debug;
		};
		B66925FD2E90252B0078AFDF /* Release */ = {
			isa = XCBuildConfiguration;
			buildSettings = {
				CODE_SIGN_STYLE = Automatic;
				CURRENT_PROJECT_VERSION = 1;
				DEVELOPMENT_TEAM = 4939K9623X;
				GENERATE_INFOPLIST_FILE = YES;
				MARKETING_VERSION = 1.0;
				PRODUCT_BUNDLE_IDENTIFIER = "com.thinhnguyen.Adidev-CountriesUITests";
				PRODUCT_NAME = "$(TARGET_NAME)";
				SWIFT_EMIT_LOC_STRINGS = NO;
				SWIFT_VERSION = 5.0;
				TARGETED_DEVICE_FAMILY = "1,2";
				TEST_TARGET_NAME = "Adidev-Countries";
			};
			name = Release;
		};
/* End XCBuildConfiguration section */

/* Begin XCConfigurationList section */
		B66925CF2E90252A0078AFDF /* Build configuration list for PBXProject "Adidev-Countries" */ = {
			isa = XCConfigurationList;
			buildConfigurations = (
				B66925F32E90252B0078AFDF /* Debug */,
				B66925F42E90252B0078AFDF /* Release */,
			);
			defaultConfigurationIsVisible = 0;
			defaultConfigurationName = Release;
		};
		B66925F52E90252B0078AFDF /* Build configuration list for PBXNativeTarget "Adidev-Countries" */ = {
			isa = XCConfigurationList;
			buildConfigurations = (
				B66925F62E90252B0078AFDF /* Debug */,
				B66925F72E90252B0078AFDF /* Release */,
			);
			defaultConfigurationIsVisible = 0;
			defaultConfigurationName = Release;
		};
		B66925F82E90252B0078AFDF /* Build configuration list for PBXNativeTarget "Adidev-CountriesTests" */ = {
			isa = XCConfigurationList;
			buildConfigurations = (
				B66925F92E90252B0078AFDF /* Debug */,
				B66925FA2E90252B0078AFDF /* Release */,
			);
			defaultConfigurationIsVisible = 0;
			defaultConfigurationName = Release;
		};
		B66925FB2E90252B0078AFDF /* Build configuration list for PBXNativeTarget "Adidev-CountriesUITests" */ = {
			isa = XCConfigurationList;
			buildConfigurations = (
				B66925FC2E90252B0078AFDF /* Debug */,
				B66925FD2E90252B0078AFDF /* Release */,
			);
			defaultConfigurationIsVisible = 0;
			defaultConfigurationName = Release;
		};
/* End XCConfigurationList section */
	};
	rootObject = B66925CC2E90252A0078AFDF /* Project object */;
}
